PODS:
  - BRYXBanner (0.7.3)
  - Eureka (2.0.1)
  - Realm (3.0.0-rc.1):
    - Realm/Headers (= 3.0.0-rc.1)
  - Realm/Headers (3.0.0-rc.1)
  - RealmLoginKit (0.1.3):
    - Realm
    - RealmLoginKit/Core (= 0.1.3)
    - TORoundedTableView
  - RealmLoginKit/Core (0.1.3):
    - Realm
    - TORoundedTableView
  - RealmSwift (3.0.0-rc.1):
    - Realm (= 3.0.0-rc.1)
  - TORoundedTableView (0.1.3)

DEPENDENCIES:
  - BRYXBanner (~> 0.7.2)
  - Eureka (~> 2.0.1)
  - RealmLoginKit
  - RealmSwift (= 3.0.0-rc.1)

SPEC CHECKSUMS:
  BRYXBanner: bd26a91cb8a5826a8bc7687891043d287dd3ee53
  Eureka: ae837bb1dfae0c07bc1bda7aeef87876eeb537c2
  Realm: f79164edf2fb3807debe2fd2132ae15ed642d0a6
  RealmLoginKit: 646d412bb28b8319235fb48e54ed6d6e57b98e17
  RealmSwift: f3e689d09a6cc406cfa6f32dc4da432543aa945b
  TORoundedTableView: cd1437ef81ab3888dea8c06d2dfe4795bcaac768

PODFILE CHECKSUM: 898bf0c464f213228bd17b8be26294445c64f03f

COCOAPODS: 1.3.1
